// !$*UTF8*$!
{
	archiveVersion = 1;
	classes = {
	};
	objectVersion = 46;
	objects = {

/* Begin PBXBuildFile section */
		85DFD71D1E9340FF0059A308 /* AppDelegate.swift in Sources */ = {isa = PBXBuildFile; fileRef = 85DFD71C1E9340FF0059A308 /* AppDelegate.swift */; };
		85DFD71F1E9340FF0059A308 /* PlayerViewController.swift in Sources */ = {isa = PBXBuildFile; fileRef = 85DFD71E1E9340FF0059A308 /* PlayerViewController.swift */; };
		85DFD7221E9340FF0059A308 /* Main.storyboard in Resources */ = {isa = PBXBuildFile; fileRef = 85DFD7201E9340FF0059A308 /* Main.storyboard */; };
		85DFD7241E9340FF0059A308 /* Assets.xcassets in Resources */ = {isa = PBXBuildFile; fileRef = 85DFD7231E9340FF0059A308 /* Assets.xcassets */; };
		85DFD7271E9340FF0059A308 /* LaunchScreen.storyboard in Resources */ = {isa = PBXBuildFile; fileRef = 85DFD7251E9340FF0059A308 /* LaunchScreen.storyboard */; };
		85DFD72F1E93414C0059A308 /* TicCell.xib in Resources */ = {isa = PBXBuildFile; fileRef = 85DFD72E1E93414C0059A308 /* TicCell.xib */; };
		85DFD7331E9341840059A308 /* TicCell.swift in Sources */ = {isa = PBXBuildFile; fileRef = 85DFD7321E9341840059A308 /* TicCell.swift */; };
		85DFD7381E935C240059A308 /* TicTacToeModel.xcdatamodeld in Sources */ = {isa = PBXBuildFile; fileRef = 85DFD7361E935C240059A308 /* TicTacToeModel.xcdatamodeld */; };
		85DFD73B1E935F140059A308 /* LaunchViewController.swift in Sources */ = {isa = PBXBuildFile; fileRef = 85DFD73A1E935F140059A308 /* LaunchViewController.swift */; };
/* End PBXBuildFile section */

/* Begin PBXFileReference section */
		85DFD7191E9340FE0059A308 /* TicTacToe.app */ = {isa = PBXFileReference; explicitFileType = wrapper.application; includeInIndex = 0; path = TicTacToe.app; sourceTree = BUILT_PRODUCTS_DIR; };
		85DFD71C1E9340FF0059A308 /* AppDelegate.swift */ = {isa = PBXFileReference; lastKnownFileType = sourcecode.swift; path = AppDelegate.swift; sourceTree = "<group>"; };
		85DFD71E1E9340FF0059A308 /* PlayerViewController.swift */ = {isa = PBXFileReference; lastKnownFileType = sourcecode.swift; path = PlayerViewController.swift; sourceTree = "<group>"; };
		85DFD7211E9340FF0059A308 /* Base */ = {isa = PBXFileReference; lastKnownFileType = file.storyboard; name = Base; path = Base.lproj/Main.storyboard; sourceTree = "<group>"; };
		85DFD7231E9340FF0059A308 /* Assets.xcassets */ = {isa = PBXFileReference; lastKnownFileType = folder.assetcatalog; path = Assets.xcassets; sourceTree = "<group>"; };
		85DFD7261E9340FF0059A308 /* Base */ = {isa = PBXFileReference; lastKnownFileType = file.storyboard; name = Base; path = Base.lproj/LaunchScreen.storyboard; sourceTree = "<group>"; };
		85DFD7281E9340FF0059A308 /* Info.plist */ = {isa = PBXFileReference; lastKnownFileType = text.plist.xml; path = Info.plist; sourceTree = "<group>"; };
		85DFD72E1E93414C0059A308 /* TicCell.xib */ = {isa = PBXFileReference; fileEncoding = 4; lastKnownFileType = file.xib; path = TicCell.xib; sourceTree = "<group>"; };
		85DFD7321E9341840059A308 /* TicCell.swift */ = {isa = PBXFileReference; fileEncoding = 4; lastKnownFileType = sourcecode.swift; path = TicCell.swift; sourceTree = "<group>"; };
		85DFD7371E935C240059A308 /* TicTacToeModel.xcdatamodel */ = {isa = PBXFileReference; lastKnownFileType = wrapper.xcdatamodel; path = TicTacToeModel.xcdatamodel; sourceTree = "<group>"; };
		85DFD73A1E935F140059A308 /* LaunchViewController.swift */ = {isa = PBXFileReference; fileEncoding = 4; lastKnownFileType = sourcecode.swift; path = LaunchViewController.swift; sourceTree = "<group>"; };
/* End PBXFileReference section */

/* Begin PBXFrameworksBuildPhase section */
		85DFD7161E9340FE0059A308 /* Frameworks */ = {
			isa = PBXFrameworksBuildPhase;
			buildActionMask = 2147483647;
			files = (
			);
			runOnlyForDeploymentPostprocessing = 0;
		};
/* End PBXFrameworksBuildPhase section */

/* Begin PBXGroup section */
		85DFD7101E9340FE0059A308 = {
			isa = PBXGroup;
			children = (
				85DFD71B1E9340FF0059A308 /* TicTacToe */,
				85DFD71A1E9340FE0059A308 /* Products */,
			);
			sourceTree = "<group>";
		};
		85DFD71A1E9340FE0059A308 /* Products */ = {
			isa = PBXGroup;
			children = (
				85DFD7191E9340FE0059A308 /* TicTacToe.app */,
			);
			name = Products;
			sourceTree = "<group>";
		};
		85DFD71B1E9340FF0059A308 /* TicTacToe */ = {
			isa = PBXGroup;
			children = (
				85DFD7311E93416A0059A308 /* Cells */,
				85DFD7391E935EFD0059A308 /* Controllers */,
				85DFD71C1E9340FF0059A308 /* AppDelegate.swift */,
				85DFD7201E9340FF0059A308 /* Main.storyboard */,
				85DFD7301E9341580059A308 /* Supporting Files */,
			);
			path = TicTacToe;
			sourceTree = "<group>";
		};
		85DFD7301E9341580059A308 /* Supporting Files */ = {
			isa = PBXGroup;
			children = (
				85DFD7231E9340FF0059A308 /* Assets.xcassets */,
				85DFD7251E9340FF0059A308 /* LaunchScreen.storyboard */,
				85DFD7361E935C240059A308 /* TicTacToeModel.xcdatamodeld */,
				85DFD7281E9340FF0059A308 /* Info.plist */,
			);
			name = "Supporting Files";
			sourceTree = "<group>";
		};
		85DFD7311E93416A0059A308 /* Cells */ = {
			isa = PBXGroup;
			children = (
				85DFD72E1E93414C0059A308 /* TicCell.xib */,
				85DFD7321E9341840059A308 /* TicCell.swift */,
			);
			name = Cells;
			sourceTree = "<group>";
		};
		85DFD7391E935EFD0059A308 /* Controllers */ = {
			isa = PBXGroup;
			children = (
				85DFD71E1E9340FF0059A308 /* PlayerViewController.swift */,
				85DFD73A1E935F140059A308 /* LaunchViewController.swift */,
			);
			name = Controllers;
			sourceTree = "<group>";
		};
/* End PBXGroup section */

/* Begin PBXNativeTarget section */
		85DFD7181E9340FE0059A308 /* TicTacToe */ = {
			isa = PBXNativeTarget;
			buildConfigurationList = 85DFD72B1E9340FF0059A308 /* Build configuration list for PBXNativeTarget "TicTacToe" */;
			buildPhases = (
				85DFD7151E9340FE0059A308 /* Sources */,
				85DFD7161E9340FE0059A308 /* Frameworks */,
				85DFD7171E9340FE0059A308 /* Resources */,
			);
			buildRules = (
			);
			dependencies = (
			);
			name = TicTacToe;
			productName = TicTacToe;
			productReference = 85DFD7191E9340FE0059A308 /* TicTacToe.app */;
			productType = "com.apple.product-type.application";
		};
/* End PBXNativeTarget section */

/* Begin PBXProject section */
		85DFD7111E9340FE0059A308 /* Project object */ = {
			isa = PBXProject;
			attributes = {
				LastSwiftUpdateCheck = 0830;
				LastUpgradeCheck = 0830;
				ORGANIZATIONNAME = app;
				TargetAttributes = {
					85DFD7181E9340FE0059A308 = {
						CreatedOnToolsVersion = 8.3;
						DevelopmentTeam = F2ZEF84988;
						ProvisioningStyle = Automatic;
					};
				};
			};
			buildConfigurationList = 85DFD7141E9340FE0059A308 /* Build configuration list for PBXProject "TicTacToe" */;
			compatibilityVersion = "Xcode 3.2";
			developmentRegion = English;
			hasScannedForEncodings = 0;
			knownRegions = (
				en,
				Base,
			);
			mainGroup = 85DFD7101E9340FE0059A308;
			productRefGroup = 85DFD71A1E9340FE0059A308 /* Products */;
			projectDirPath = "";
			projectRoot = "";
			targets = (
				85DFD7181E9340FE0059A308 /* TicTacToe */,
			);
		};
/* End PBXProject section */

/* Begin PBXResourcesBuildPhase section */
		85DFD7171E9340FE0059A308 /* Resources */ = {
			isa = PBXResourcesBuildPhase;
			buildActionMask = 2147483647;
			files = (
				85DFD72F1E93414C0059A308 /* TicCell.xib in Resources */,
				85DFD7271E9340FF0059A308 /* LaunchScreen.storyboard in Resources */,
				85DFD7241E9340FF0059A308 /* Assets.xcassets in Resources */,
				85DFD7221E9340FF0059A308 /* Main.storyboard in Resources */,
			);
			runOnlyForDeploymentPostprocessing = 0;
		};
/* End PBXResourcesBuildPhase section */

/* Begin PBXSourcesBuildPhase section */
		85DFD7151E9340FE0059A308 /* Sources */ = {
			isa = PBXSourcesBuildPhase;
			buildActionMask = 2147483647;
			files = (
				85DFD7381E935C240059A308 /* TicTacToeModel.xcdatamodeld in Sources */,
				85DFD73B1E935F140059A308 /* LaunchViewController.swift in Sources */,
				85DFD71F1E9340FF0059A308 /* PlayerViewController.swift in Sources */,
				85DFD71D1E9340FF0059A308 /* AppDelegate.swift in Sources */,
				85DFD7331E9341840059A308 /* TicCell.swift in Sources */,
			);
			runOnlyForDeploymentPostprocessing = 0;
		};
/* End PBXSourcesBuildPhase section */

/* Begin PBXVariantGroup section */
		85DFD7201E9340FF0059A308 /* Main.storyboard */ = {
			isa = PBXVariantGroup;
			children = (
				85DFD7211E9340FF0059A308 /* Base */,
			);
			name = Main.storyboard;
			sourceTree = "<group>";
		};
		85DFD7251E9340FF0059A308 /* LaunchScreen.storyboard */ = {
			isa = PBXVariantGroup;
			children = (
				85DFD7261E9340FF0059A308 /* Base */,
			);
			name = LaunchScreen.storyboard;
			sourceTree = "<group>";
		};
/* End PBXVariantGroup section */

/* Begin XCBuildConfiguration section */
		85DFD7291E9340FF0059A308 /* Debug */ = {
			isa = XCBuildConfiguration;
			buildSettings = {
				ALWAYS_SEARCH_USER_PATHS = NO;
				CLANG_ANALYZER_NONNULL = YES;
				CLANG_ANALYZER_NUMBER_OBJECT_CONVERSION = YES_AGGRESSIVE;
				CLANG_CXX_LANGUAGE_STANDARD = "gnu++0x";
				CLANG_CXX_LIBRARY = "libc++";
				CLANG_ENABLE_MODULES = YES;
				CLANG_ENABLE_OBJC_ARC = YES;
				CLANG_WARN_BOOL_CONVERSION = YES;
				CLANG_WARN_CONSTANT_CONVERSION = YES;
				CLANG_WARN_DIRECT_OBJC_ISA_USAGE = YES_ERROR;
				CLANG_WARN_DOCUMENTATION_COMMENTS = YES;
				CLANG_WARN_EMPTY_BODY = YES;
				CLANG_WARN_ENUM_CONVERSION = YES;
				CLANG_WARN_INFINITE_RECURSION = YES;
				CLANG_WARN_INT_CONVERSION = YES;
				CLANG_WARN_OBJC_ROOT_CLASS = YES_ERROR;
				CLANG_WARN_SUSPICIOUS_MOVE = YES;
				CLANG_WARN_UNREACHABLE_CODE = YES;
				CLANG_WARN__DUPLICATE_METHOD_MATCH = YES;
				"CODE_SIGN_IDENTITY[sdk=iphoneos*]" = "iPhone Developer";
				COPY_PHASE_STRIP = NO;
				DEBUG_INFORMATION_FORMAT = dwarf;
				ENABLE_STRICT_OBJC_MSGSEND = YES;
				ENABLE_TESTABILITY = YES;
				GCC_C_LANGUAGE_STANDARD = gnu99;
				GCC_DYNAMIC_NO_PIC = NO;
				GCC_NO_COMMON_BLOCKS = YES;
				GCC_OPTIMIZATION_LEVEL = 0;
				GCC_PREPROCESSOR_DEFINITIONS = (
					"DEBUG=1",
					"$(inherited)",
				);
				GCC_WARN_64_TO_32_BIT_CONVERSION = YES;
				GCC_WARN_ABOUT_RETURN_TYPE = YES_ERROR;
				GCC_WARN_UNDECLARED_SELECTOR = YES;
				GCC_WARN_UNINITIALIZED_AUTOS = YES_AGGRESSIVE;
				GCC_WARN_UNUSED_FUNCTION = YES;
				GCC_WARN_UNUSED_VARIABLE = YES;
				IPHONEOS_DEPLOYMENT_TARGET = 10.3;
				MTL_ENABLE_DEBUG_INFO = YES;
				ONLY_ACTIVE_ARCH = YES;
				SDKROOT = iphoneos;
				SWIFT_ACTIVE_COMPILATION_CONDITIONS = DEBUG;
				SWIFT_OPTIMIZATION_LEVEL = "-Onone";
				TARGETED_DEVICE_FAMILY = "1,2";
			};
			name = Debug;
		};
		85DFD72A1E9340FF0059A308 /* Release */ = {
			isa = XCBuildConfiguration;
			buildSettings = {
				ALWAYS_SEARCH_USER_PATHS = NO;
				CLANG_ANALYZER_NONNULL = YES;
				CLANG_ANALYZER_NUMBER_OBJECT_CONVERSION = YES_AGGRESSIVE;
				CLANG_CXX_LANGUAGE_STANDARD = "gnu++0x";
				CLANG_CXX_LIBRARY = "libc++";
				CLANG_ENABLE_MODULES = YES;
				CLANG_ENABLE_OBJC_ARC = YES;
				CLANG_WARN_BOOL_CONVERSION = YES;
				CLANG_WARN_CONSTANT_CONVERSION = YES;
				CLANG_WARN_DIRECT_OBJC_ISA_USAGE = YES_ERROR;
				CLANG_WARN_DOCUMENTATION_COMMENTS = YES;
				CLANG_WARN_EMPTY_BODY = YES;
				CLANG_WARN_ENUM_CONVERSION = YES;
				CLANG_WARN_INFINITE_RECURSION = YES;
				CLANG_WARN_INT_CONVERSION = YES;
				CLANG_WARN_OBJC_ROOT_CLASS = YES_ERROR;
				CLANG_WARN_SUSPICIOUS_MOVE = YES;
				CLANG_WARN_UNREACHABLE_CODE = YES;
				CLANG_WARN__DUPLICATE_METHOD_MATCH = YES;
				"CODE_SIGN_IDENTITY[sdk=iphoneos*]" = "iPhone Developer";
				COPY_PHASE_STRIP = NO;
				DEBUG_INFORMATION_FORMAT = "dwarf-with-dsym";
				ENABLE_NS_ASSERTIONS = NO;
				ENABLE_STRICT_OBJC_MSGSEND = YES;
				GCC_C_LANGUAGE_STANDARD = gnu99;
				GCC_NO_COMMON_BLOCKS = YES;
				GCC_WARN_64_TO_32_BIT_CONVERSION = YES;
				GCC_WARN_ABOUT_RETURN_TYPE = YES_ERROR;
				GCC_WARN_UNDECLARED_SELECTOR = YES;
				GCC_WARN_UNINITIALIZED_AUTOS = YES_AGGRESSIVE;
				GCC_WARN_UNUSED_FUNCTION = YES;
				GCC_WARN_UNUSED_VARIABLE = YES;
				IPHONEOS_DEPLOYMENT_TARGET = 10.3;
				MTL_ENABLE_DEBUG_INFO = NO;
				SDKROOT = iphoneos;
				SWIFT_OPTIMIZATION_LEVEL = "-Owholemodule";
				TARGETED_DEVICE_FAMILY = "1,2";
				VALIDATE_PRODUCT = YES;
			};
			name = Release;
		};
		85DFD72C1E9340FF0059A308 /* Debug */ = {
			isa = XCBuildConfiguration;
			buildSettings = {
				ASSETCATALOG_COMPILER_APPICON_NAME = AppIcon;
				DEVELOPMENT_TEAM = F2ZEF84988;
				INFOPLIST_FILE = TicTacToe/Info.plist;
				LD_RUNPATH_SEARCH_PATHS = "$(inherited) @executable_path/Frameworks";
				PRODUCT_BUNDLE_IDENTIFIER = com.thehray.TicTacToe;
				PRODUCT_NAME = "$(TARGET_NAME)";
				SWIFT_VERSION = 3.0;
			};
			name = Debug;
		};
		85DFD72D1E9340FF0059A308 /* Release */ = {
			isa = XCBuildConfiguration;
			buildSettings = {
				ASSETCATALOG_COMPILER_APPICON_NAME = AppIcon;
				DEVELOPMENT_TEAM = F2ZEF84988;
				INFOPLIST_FILE = TicTacToe/Info.plist;
				LD_RUNPATH_SEARCH_PATHS = "$(inherited) @executable_path/Frameworks";
				PRODUCT_BUNDLE_IDENTIFIER = com.thehray.TicTacToe;
				PRODUCT_NAME = "$(TARGET_NAME)";
				SWIFT_VERSION = 3.0;
			};
			name = Release;
		};
/* End XCBuildConfiguration section */

/* Begin XCConfigurationList section */
		85DFD7141E9340FE0059A308 /* Build configuration list for PBXProject "TicTacToe" */ = {
			isa = XCConfigurationList;
			buildConfigurations = (
				85DFD7291E9340FF0059A308 /* Debug */,
				85DFD72A1E9340FF0059A308 /* Release */,
			);
			defaultConfigurationIsVisible = 0;
			defaultConfigurationName = Release;
		};
		85DFD72B1E9340FF0059A308 /* Build configuration list for PBXNativeTarget "TicTacToe" */ = {
			isa = XCConfigurationList;
			buildConfigurations = (
				85DFD72C1E9340FF0059A308 /* Debug */,
				85DFD72D1E9340FF0059A308 /* Release */,
			);
			defaultConfigurationIsVisible = 0;
		};
/* End XCConfigurationList section */

/* Begin XCVersionGroup section */
		85DFD7361E935C240059A308 /* TicTacToeModel.xcdatamodeld */ = {
			isa = XCVersionGroup;
			children = (
				85DFD7371E935C240059A308 /* TicTacToeModel.xcdatamodel */,
			);
			currentVersion = 85DFD7371E935C240059A308 /* TicTacToeModel.xcdatamodel */;
			path = TicTacToeModel.xcdatamodeld;
			sourceTree = "<group>";
			versionGroupType = wrapper.xcdatamodel;
		};
/* End XCVersionGroup section */
	};
	rootObject = 85DFD7111E9340FE0059A308 /* Project object */;
}
